
Microsoft Visual Studio Solution File, Format Version 12.00
# Visual Studio Version 16
VisualStudioVersion = 16.0.31702.278
MinimumVisualStudioVersion = 10.0.40219.1
Project("{FAE04EC0-301F-11D3-BF4B-00C04F79EFBC}") = "Morph", "Morph.csproj", "{C8120F25-AEE4-41C7-9034-1F7FD2F4D889}"
EndProject
Global
	GlobalSection(SolutionConfigurationPlatforms) = preSolution
		Debug|Any CPU = Debug|Any CPU
		Release|Any CPU = Release|Any CPU
	EndGlobalSection
	GlobalSection(ProjectConfigurationPlatforms) = postSolution
		{C8120F25-AEE4-41C7-9034-1F7FD2F4D889}.Debug|Any CPU.ActiveCfg = Debug|Any CPU
		{C8120F25-AEE4-41C7-9034-1F7FD2F4D889}.Debug|Any CPU.Build.0 = Debug|Any CPU
		{C8120F25-AEE4-41C7-9034-1F7FD2F4D889}.Release|Any CPU.ActiveCfg = Release|Any CPU
		{C8120F25-AEE4-41C7-9034-1F7FD2F4D889}.Release|Any CPU.Build.0 = Release|Any CPU
	EndGlobalSection
	GlobalSection(SolutionProperties) = preSolution
		HideSolutionNode = FALSE
	EndGlobalSection
	GlobalSection(ExtensibilityGlobals) = postSolution
		SolutionGuid = {E9F1E906-C650-4FC5-B11E-B7EB816C7ACF}
	EndGlobalSection
EndGlobal
